
Microsoft Visual Studio Solution File, Format Version 12.00
# Visual Studio Version 17
VisualStudioVersion = 17.8.34330.188
MinimumVisualStudioVersion = 10.0.40219.1
Project("{FAE04EC0-301F-11D3-BF4B-00C04F79EFBC}") = "PDKacha", "PDKacha\PDKacha.csproj", "{93022FF3-5C7D-424B-A3FE-C21909D43285}"
EndProject
Global
	GlobalSection(SolutionConfigurationPlatforms) = preSolution
		Debug|Any CPU = Debug|Any CPU
		Release|Any CPU = Release|Any CPU
	EndGlobalSection
	GlobalSection(ProjectConfigurationPlatforms) = postSolution
		{93022FF3-5C7D-424B-A3FE-C21909D43285}.Debug|Any CPU.ActiveCfg = Debug|Any CPU
		{93022FF3-5C7D-424B-A3FE-C21909D43285}.Debug|Any CPU.Build.0 = Debug|Any CPU
		{93022FF3-5C7D-424B-A3FE-C21909D43285}.Release|Any CPU.ActiveCfg = Release|Any CPU
		{93022FF3-5C7D-424B-A3FE-C21909D43285}.Release|Any CPU.Build.0 = Release|Any CPU
	EndGlobalSection
	GlobalSection(SolutionProperties) = preSolution
		HideSolutionNode = FALSE
	EndGlobalSection
	GlobalSection(ExtensibilityGlobals) = postSolution
		SolutionGuid = {D2B8552C-42CF-4F0F-8739-22B97022CF8F}
	EndGlobalSection
EndGlobal
